{
  "object": {
    "pins": [
      {
        "package": "LowDocDB",
        "repositoryURL": "/Users/daniel/Documents/Programming/IDE_Projects/Xcode/Frameworks.nosync/LowDocDB",
        "state": {
          "branch": null,
          "revision": "8a159f98bf2c6830094dcec0534a5783bfcb9097",
          "version": "0.1.0"
        }
      }
    ]
  },
  "version": 1
}
