{
  "object": {
    "pins": [
      {
        "package": "LowDocDB",
        "repositoryURL": "https://github.com/illescasDaniel/LowDocDB.git",
        "state": {
          "branch": null,
          "revision": "2fbd3146f77b0ab006b4704aeb14641431922e35",
          "version": "0.2.6"
        }
      }
    ]
  },
  "version": 1
}
