{
  "object": {
    "pins": [
      {
        "package": "LowDocDB",
        "repositoryURL": "/Users/daniel/Documents/Programming/IDE_Projects/Xcode/Frameworks.nosync/LowDocDB",
        "state": {
          "branch": null,
          "revision": "4886ba35413760a13c83e268f4f59e535ed98278",
          "version": "0.2.2"
        }
      }
    ]
  },
  "version": 1
}
